
Microsoft Visual Studio Solution File, Format Version 12.00
# Visual Studio 14
VisualStudioVersion = 14.0.24720.0
MinimumVisualStudioVersion = 10.0.40219.1
Project("{FAE04EC0-301F-11D3-BF4B-00C04F79EFBC}") = "Vending", "Vending\Vending.csproj", "{1F6F96F4-B5F2-487E-A1EB-174EFC6CB42E}"
EndProject
Project("{FAE04EC0-301F-11D3-BF4B-00C04F79EFBC}") = "VendingTests", "VendingTests\VendingTests.csproj", "{45E3A826-62DB-4AEC-8659-C3A69EE1A7B3}"
EndProject
Global
	GlobalSection(SolutionConfigurationPlatforms) = preSolution
		Debug|Any CPU = Debug|Any CPU
		Release|Any CPU = Release|Any CPU
	EndGlobalSection
	GlobalSection(ProjectConfigurationPlatforms) = postSolution
		{1F6F96F4-B5F2-487E-A1EB-174EFC6CB42E}.Debug|Any CPU.ActiveCfg = Debug|Any CPU
		{1F6F96F4-B5F2-487E-A1EB-174EFC6CB42E}.Debug|Any CPU.Build.0 = Debug|Any CPU
		{1F6F96F4-B5F2-487E-A1EB-174EFC6CB42E}.Release|Any CPU.ActiveCfg = Release|Any CPU
		{1F6F96F4-B5F2-487E-A1EB-174EFC6CB42E}.Release|Any CPU.Build.0 = Release|Any CPU
		{45E3A826-62DB-4AEC-8659-C3A69EE1A7B3}.Debug|Any CPU.ActiveCfg = Debug|Any CPU
		{45E3A826-62DB-4AEC-8659-C3A69EE1A7B3}.Debug|Any CPU.Build.0 = Debug|Any CPU
		{45E3A826-62DB-4AEC-8659-C3A69EE1A7B3}.Release|Any CPU.ActiveCfg = Release|Any CPU
		{45E3A826-62DB-4AEC-8659-C3A69EE1A7B3}.Release|Any CPU.Build.0 = Release|Any CPU
	EndGlobalSection
	GlobalSection(SolutionProperties) = preSolution
		HideSolutionNode = FALSE
	EndGlobalSection
EndGlobal
