Microsoft Visual Studio Solution File, Format Version 12.00
# Visual Studio 15
VisualStudioVersion = 15.0.27130.2036
MinimumVisualStudioVersion = 10.0.40219.1
Project("{9A19103F-16F7-4668-BE54-9A1E7A4F7556}") = "BankingKataAPI", "BankingKataAPI\BankingKataAPI.csproj", "{E879F39B-6A9F-48EF-BBDD-C450E1F82EF3}"
EndProject
Project("{FAE04EC0-301F-11D3-BF4B-00C04F79EFBC}") = "BankingKataAPI.Test", "BankingKataAPI.Test\BankingKataAPI.Test.csproj", "{BE87CAC9-1B85-481E-A2FC-365DE15BCA40}"
EndProject
Global
	GlobalSection(SolutionConfigurationPlatforms) = preSolution
		Debug|Any CPU = Debug|Any CPU
		Release|Any CPU = Release|Any CPU
	EndGlobalSection
	GlobalSection(ProjectConfigurationPlatforms) = postSolution
		{E879F39B-6A9F-48EF-BBDD-C450E1F82EF3}.Debug|Any CPU.ActiveCfg = Debug|Any CPU
		{E879F39B-6A9F-48EF-BBDD-C450E1F82EF3}.Debug|Any CPU.Build.0 = Debug|Any CPU
		{E879F39B-6A9F-48EF-BBDD-C450E1F82EF3}.Release|Any CPU.ActiveCfg = Release|Any CPU
		{E879F39B-6A9F-48EF-BBDD-C450E1F82EF3}.Release|Any CPU.Build.0 = Release|Any CPU
		{BE87CAC9-1B85-481E-A2FC-365DE15BCA40}.Debug|Any CPU.ActiveCfg = Debug|Any CPU
		{BE87CAC9-1B85-481E-A2FC-365DE15BCA40}.Debug|Any CPU.Build.0 = Debug|Any CPU
		{BE87CAC9-1B85-481E-A2FC-365DE15BCA40}.Release|Any CPU.ActiveCfg = Release|Any CPU
		{BE87CAC9-1B85-481E-A2FC-365DE15BCA40}.Release|Any CPU.Build.0 = Release|Any CPU
	EndGlobalSection
	GlobalSection(SolutionProperties) = preSolution
		HideSolutionNode = FALSE
	EndGlobalSection
	GlobalSection(ExtensibilityGlobals) = postSolution
		SolutionGuid = {FF3A27D6-9F54-430A-BF35-1C0B3825C8AA}
	EndGlobalSection
EndGlobal
