
Microsoft Visual Studio Solution File, Format Version 12.00
# Visual Studio 2012
Project("{FAE04EC0-301F-11D3-BF4B-00C04F79EFBC}") = "RomanNumerals", "RomanNumerals\RomanNumerals.csproj", "{9E9CEB0D-3B02-4121-BC28-2034A9AF0A10}"
EndProject
Project("{FAE04EC0-301F-11D3-BF4B-00C04F79EFBC}") = "RomanNumeralsTest", "RomanNumeralsTest\RomanNumeralsTest.csproj", "{D8E89109-4C87-49AA-83CD-921F423413F2}"
EndProject
Global
	GlobalSection(SolutionConfigurationPlatforms) = preSolution
		Debug|Any CPU = Debug|Any CPU
		Release|Any CPU = Release|Any CPU
	EndGlobalSection
	GlobalSection(ProjectConfigurationPlatforms) = postSolution
		{9E9CEB0D-3B02-4121-BC28-2034A9AF0A10}.Debug|Any CPU.ActiveCfg = Debug|Any CPU
		{9E9CEB0D-3B02-4121-BC28-2034A9AF0A10}.Debug|Any CPU.Build.0 = Debug|Any CPU
		{9E9CEB0D-3B02-4121-BC28-2034A9AF0A10}.Release|Any CPU.ActiveCfg = Release|Any CPU
		{9E9CEB0D-3B02-4121-BC28-2034A9AF0A10}.Release|Any CPU.Build.0 = Release|Any CPU
		{D8E89109-4C87-49AA-83CD-921F423413F2}.Debug|Any CPU.ActiveCfg = Debug|Any CPU
		{D8E89109-4C87-49AA-83CD-921F423413F2}.Debug|Any CPU.Build.0 = Debug|Any CPU
		{D8E89109-4C87-49AA-83CD-921F423413F2}.Release|Any CPU.ActiveCfg = Release|Any CPU
		{D8E89109-4C87-49AA-83CD-921F423413F2}.Release|Any CPU.Build.0 = Release|Any CPU
	EndGlobalSection
EndGlobal
